// !$*UTF8*$!
{
	archiveVersion = 1;
	classes = {
	};
	objectVersion = 55;
	objects = {

/* Begin PBXBuildFile section */
		7B24ECC327DC99DB00E91361 /* NetworkError.swift in Sources */ = {isa = PBXBuildFile; fileRef = 7B24ECC227DC99DB00E91361 /* NetworkError.swift */; };
		7B24ECC527DC99F200E91361 /* ErrorResponse.swift in Sources */ = {isa = PBXBuildFile; fileRef = 7B24ECC427DC99F200E91361 /* ErrorResponse.swift */; };
		7B24ECC727DC9A0C00E91361 /* ApiService.swift in Sources */ = {isa = PBXBuildFile; fileRef = 7B24ECC627DC9A0C00E91361 /* ApiService.swift */; };
		7B24ECCA27DC9A2F00E91361 /* Constant.swift in Sources */ = {isa = PBXBuildFile; fileRef = 7B24ECC927DC9A2F00E91361 /* Constant.swift */; };
		7B24ECCC27DCA04B00E91361 /* Activity.swift in Sources */ = {isa = PBXBuildFile; fileRef = 7B24ECCB27DCA04B00E91361 /* Activity.swift */; };
		7B62FA8A27DC57F8003DA370 /* AppDelegate.swift in Sources */ = {isa = PBXBuildFile; fileRef = 7B62FA8927DC57F8003DA370 /* AppDelegate.swift */; };
		7B62FA8C27DC57F8003DA370 /* SceneDelegate.swift in Sources */ = {isa = PBXBuildFile; fileRef = 7B62FA8B27DC57F8003DA370 /* SceneDelegate.swift */; };
		7B62FA8E27DC57F8003DA370 /* HomeViewController.swift in Sources */ = {isa = PBXBuildFile; fileRef = 7B62FA8D27DC57F8003DA370 /* HomeViewController.swift */; };
		7B62FA9127DC57F8003DA370 /* Main.storyboard in Resources */ = {isa = PBXBuildFile; fileRef = 7B62FA8F27DC57F8003DA370 /* Main.storyboard */; };
		7B62FA9327DC57F9003DA370 /* Assets.xcassets in Resources */ = {isa = PBXBuildFile; fileRef = 7B62FA9227DC57F9003DA370 /* Assets.xcassets */; };
		7B62FA9627DC57F9003DA370 /* LaunchScreen.storyboard in Resources */ = {isa = PBXBuildFile; fileRef = 7B62FA9427DC57F9003DA370 /* LaunchScreen.storyboard */; };
		7B62FAA127DC57FA003DA370 /* BoredApiAppTests.swift in Sources */ = {isa = PBXBuildFile; fileRef = 7B62FAA027DC57FA003DA370 /* BoredApiAppTests.swift */; };
		7B62FAAB27DC57FA003DA370 /* BoredApiAppUITests.swift in Sources */ = {isa = PBXBuildFile; fileRef = 7B62FAAA27DC57FA003DA370 /* BoredApiAppUITests.swift */; };
		7B62FAAD27DC57FA003DA370 /* BoredApiAppUITestsLaunchTests.swift in Sources */ = {isa = PBXBuildFile; fileRef = 7B62FAAC27DC57FA003DA370 /* BoredApiAppUITestsLaunchTests.swift */; };
/* End PBXBuildFile section */

/* Begin PBXContainerItemProxy section */
		7B62FA9D27DC57FA003DA370 /* PBXContainerItemProxy */ = {
			isa = PBXContainerItemProxy;
			containerPortal = 7B62FA7E27DC57F8003DA370 /* Project object */;
			proxyType = 1;
			remoteGlobalIDString = 7B62FA8527DC57F8003DA370;
			remoteInfo = BoredApiApp;
		};
		7B62FAA727DC57FA003DA370 /* PBXContainerItemProxy */ = {
			isa = PBXContainerItemProxy;
			containerPortal = 7B62FA7E27DC57F8003DA370 /* Project object */;
			proxyType = 1;
			remoteGlobalIDString = 7B62FA8527DC57F8003DA370;
			remoteInfo = BoredApiApp;
		};
/* End PBXContainerItemProxy section */

/* Begin PBXFileReference section */
		7B24ECC227DC99DB00E91361 /* NetworkError.swift */ = {isa = PBXFileReference; lastKnownFileType = sourcecode.swift; path = NetworkError.swift; sourceTree = "<group>"; };
		7B24ECC427DC99F200E91361 /* ErrorResponse.swift */ = {isa = PBXFileReference; lastKnownFileType = sourcecode.swift; path = ErrorResponse.swift; sourceTree = "<group>"; };
		7B24ECC627DC9A0C00E91361 /* ApiService.swift */ = {isa = PBXFileReference; lastKnownFileType = sourcecode.swift; path = ApiService.swift; sourceTree = "<group>"; };
		7B24ECC927DC9A2F00E91361 /* Constant.swift */ = {isa = PBXFileReference; lastKnownFileType = sourcecode.swift; path = Constant.swift; sourceTree = "<group>"; };
		7B24ECCB27DCA04B00E91361 /* Activity.swift */ = {isa = PBXFileReference; lastKnownFileType = sourcecode.swift; path = Activity.swift; sourceTree = "<group>"; };
		7B62FA8627DC57F8003DA370 /* BoredApiApp.app */ = {isa = PBXFileReference; explicitFileType = wrapper.application; includeInIndex = 0; path = BoredApiApp.app; sourceTree = BUILT_PRODUCTS_DIR; };
		7B62FA8927DC57F8003DA370 /* AppDelegate.swift */ = {isa = PBXFileReference; lastKnownFileType = sourcecode.swift; path = AppDelegate.swift; sourceTree = "<group>"; };
		7B62FA8B27DC57F8003DA370 /* SceneDelegate.swift */ = {isa = PBXFileReference; lastKnownFileType = sourcecode.swift; path = SceneDelegate.swift; sourceTree = "<group>"; };
		7B62FA8D27DC57F8003DA370 /* HomeViewController.swift */ = {isa = PBXFileReference; lastKnownFileType = sourcecode.swift; path = HomeViewController.swift; sourceTree = "<group>"; };
		7B62FA9027DC57F8003DA370 /* Base */ = {isa = PBXFileReference; lastKnownFileType = file.storyboard; name = Base; path = Base.lproj/Main.storyboard; sourceTree = "<group>"; };
		7B62FA9227DC57F9003DA370 /* Assets.xcassets */ = {isa = PBXFileReference; lastKnownFileType = folder.assetcatalog; path = Assets.xcassets; sourceTree = "<group>"; };
		7B62FA9527DC57F9003DA370 /* Base */ = {isa = PBXFileReference; lastKnownFileType = file.storyboard; name = Base; path = Base.lproj/LaunchScreen.storyboard; sourceTree = "<group>"; };
		7B62FA9727DC57F9003DA370 /* Info.plist */ = {isa = PBXFileReference; lastKnownFileType = text.plist.xml; path = Info.plist; sourceTree = "<group>"; };
		7B62FA9C27DC57FA003DA370 /* BoredApiAppTests.xctest */ = {isa = PBXFileReference; explicitFileType = wrapper.cfbundle; includeInIndex = 0; path = BoredApiAppTests.xctest; sourceTree = BUILT_PRODUCTS_DIR; };
		7B62FAA027DC57FA003DA370 /* BoredApiAppTests.swift */ = {isa = PBXFileReference; lastKnownFileType = sourcecode.swift; path = BoredApiAppTests.swift; sourceTree = "<group>"; };
		7B62FAA627DC57FA003DA370 /* BoredApiAppUITests.xctest */ = {isa = PBXFileReference; explicitFileType = wrapper.cfbundle; includeInIndex = 0; path = BoredApiAppUITests.xctest; sourceTree = BUILT_PRODUCTS_DIR; };
		7B62FAAA27DC57FA003DA370 /* BoredApiAppUITests.swift */ = {isa = PBXFileReference; lastKnownFileType = sourcecode.swift; path = BoredApiAppUITests.swift; sourceTree = "<group>"; };
		7B62FAAC27DC57FA003DA370 /* BoredApiAppUITestsLaunchTests.swift */ = {isa = PBXFileReference; lastKnownFileType = sourcecode.swift; path = BoredApiAppUITestsLaunchTests.swift; sourceTree = "<group>"; };
/* End PBXFileReference section */

/* Begin PBXFrameworksBuildPhase section */
		7B62FA8327DC57F8003DA370 /* Frameworks */ = {
			isa = PBXFrameworksBuildPhase;
			buildActionMask = 2147483647;
			files = (
			);
			runOnlyForDeploymentPostprocessing = 0;
		};
		7B62FA9927DC57FA003DA370 /* Frameworks */ = {
			isa = PBXFrameworksBuildPhase;
			buildActionMask = 2147483647;
			files = (
			);
			runOnlyForDeploymentPostprocessing = 0;
		};
		7B62FAA327DC57FA003DA370 /* Frameworks */ = {
			isa = PBXFrameworksBuildPhase;
			buildActionMask = 2147483647;
			files = (
			);
			runOnlyForDeploymentPostprocessing = 0;
		};
/* End PBXFrameworksBuildPhase section */

/* Begin PBXGroup section */
		7B24ECC827DC9A2700E91361 /* Utils */ = {
			isa = PBXGroup;
			children = (
				7B24ECC927DC9A2F00E91361 /* Constant.swift */,
			);
			path = Utils;
			sourceTree = "<group>";
		};
		7B62FA7D27DC57F8003DA370 = {
			isa = PBXGroup;
			children = (
				7B62FA8827DC57F8003DA370 /* BoredApiApp */,
				7B62FA9F27DC57FA003DA370 /* BoredApiAppTests */,
				7B62FAA927DC57FA003DA370 /* BoredApiAppUITests */,
				7B62FA8727DC57F8003DA370 /* Products */,
			);
			sourceTree = "<group>";
		};
		7B62FA8727DC57F8003DA370 /* Products */ = {
			isa = PBXGroup;
			children = (
				7B62FA8627DC57F8003DA370 /* BoredApiApp.app */,
				7B62FA9C27DC57FA003DA370 /* BoredApiAppTests.xctest */,
				7B62FAA627DC57FA003DA370 /* BoredApiAppUITests.xctest */,
			);
			name = Products;
			sourceTree = "<group>";
		};
		7B62FA8827DC57F8003DA370 /* BoredApiApp */ = {
			isa = PBXGroup;
			children = (
				7B24ECC827DC9A2700E91361 /* Utils */,
				7B62FABC27DC5848003DA370 /* controllers */,
				7B62FABB27DC583F003DA370 /* viewmodels */,
				7B62FABA27DC583B003DA370 /* models */,
				7B62FAB927DC582E003DA370 /* services */,
				7B62FA8927DC57F8003DA370 /* AppDelegate.swift */,
				7B62FA8B27DC57F8003DA370 /* SceneDelegate.swift */,
				7B62FA8F27DC57F8003DA370 /* Main.storyboard */,
				7B62FA9227DC57F9003DA370 /* Assets.xcassets */,
				7B62FA9427DC57F9003DA370 /* LaunchScreen.storyboard */,
				7B62FA9727DC57F9003DA370 /* Info.plist */,
			);
			path = BoredApiApp;
			sourceTree = "<group>";
		};
		7B62FA9F27DC57FA003DA370 /* BoredApiAppTests */ = {
			isa = PBXGroup;
			children = (
				7B62FAA027DC57FA003DA370 /* BoredApiAppTests.swift */,
			);
			path = BoredApiAppTests;
			sourceTree = "<group>";
		};
		7B62FAA927DC57FA003DA370 /* BoredApiAppUITests */ = {
			isa = PBXGroup;
			children = (
				7B62FAAA27DC57FA003DA370 /* BoredApiAppUITests.swift */,
				7B62FAAC27DC57FA003DA370 /* BoredApiAppUITestsLaunchTests.swift */,
			);
			path = BoredApiAppUITests;
			sourceTree = "<group>";
		};
		7B62FAB927DC582E003DA370 /* services */ = {
			isa = PBXGroup;
			children = (
				7B24ECC227DC99DB00E91361 /* NetworkError.swift */,
				7B24ECC627DC9A0C00E91361 /* ApiService.swift */,
				7B24ECC427DC99F200E91361 /* ErrorResponse.swift */,
			);
			path = services;
			sourceTree = "<group>";
		};
		7B62FABA27DC583B003DA370 /* models */ = {
			isa = PBXGroup;
			children = (
				7B24ECCB27DCA04B00E91361 /* Activity.swift */,
			);
			path = models;
			sourceTree = "<group>";
		};
		7B62FABB27DC583F003DA370 /* viewmodels */ = {
			isa = PBXGroup;
			children = (
			);
			path = viewmodels;
			sourceTree = "<group>";
		};
		7B62FABC27DC5848003DA370 /* controllers */ = {
			isa = PBXGroup;
			children = (
				7B62FA8D27DC57F8003DA370 /* HomeViewController.swift */,
			);
			path = controllers;
			sourceTree = "<group>";
		};
/* End PBXGroup section */

/* Begin PBXNativeTarget section */
		7B62FA8527DC57F8003DA370 /* BoredApiApp */ = {
			isa = PBXNativeTarget;
			buildConfigurationList = 7B62FAB027DC57FA003DA370 /* Build configuration list for PBXNativeTarget "BoredApiApp" */;
			buildPhases = (
				7B62FA8227DC57F8003DA370 /* Sources */,
				7B62FA8327DC57F8003DA370 /* Frameworks */,
				7B62FA8427DC57F8003DA370 /* Resources */,
			);
			buildRules = (
			);
			dependencies = (
			);
			name = BoredApiApp;
			productName = BoredApiApp;
			productReference = 7B62FA8627DC57F8003DA370 /* BoredApiApp.app */;
			productType = "com.apple.product-type.application";
		};
		7B62FA9B27DC57FA003DA370 /* BoredApiAppTests */ = {
			isa = PBXNativeTarget;
			buildConfigurationList = 7B62FAB327DC57FA003DA370 /* Build configuration list for PBXNativeTarget "BoredApiAppTests" */;
			buildPhases = (
				7B62FA9827DC57FA003DA370 /* Sources */,
				7B62FA9927DC57FA003DA370 /* Frameworks */,
				7B62FA9A27DC57FA003DA370 /* Resources */,
			);
			buildRules = (
			);
			dependencies = (
				7B62FA9E27DC57FA003DA370 /* PBXTargetDependency */,
			);
			name = BoredApiAppTests;
			productName = BoredApiAppTests;
			productReference = 7B62FA9C27DC57FA003DA370 /* BoredApiAppTests.xctest */;
			productType = "com.apple.product-type.bundle.unit-test";
		};
		7B62FAA527DC57FA003DA370 /* BoredApiAppUITests */ = {
			isa = PBXNativeTarget;
			buildConfigurationList = 7B62FAB627DC57FA003DA370 /* Build configuration list for PBXNativeTarget "BoredApiAppUITests" */;
			buildPhases = (
				7B62FAA227DC57FA003DA370 /* Sources */,
				7B62FAA327DC57FA003DA370 /* Frameworks */,
				7B62FAA427DC57FA003DA370 /* Resources */,
			);
			buildRules = (
			);
			dependencies = (
				7B62FAA827DC57FA003DA370 /* PBXTargetDependency */,
			);
			name = BoredApiAppUITests;
			productName = BoredApiAppUITests;
			productReference = 7B62FAA627DC57FA003DA370 /* BoredApiAppUITests.xctest */;
			productType = "com.apple.product-type.bundle.ui-testing";
		};
/* End PBXNativeTarget section */

/* Begin PBXProject section */
		7B62FA7E27DC57F8003DA370 /* Project object */ = {
			isa = PBXProject;
			attributes = {
				BuildIndependentTargetsInParallel = 1;
				LastSwiftUpdateCheck = 1320;
				LastUpgradeCheck = 1320;
				TargetAttributes = {
					7B62FA8527DC57F8003DA370 = {
						CreatedOnToolsVersion = 13.2.1;
					};
					7B62FA9B27DC57FA003DA370 = {
						CreatedOnToolsVersion = 13.2.1;
						TestTargetID = 7B62FA8527DC57F8003DA370;
					};
					7B62FAA527DC57FA003DA370 = {
						CreatedOnToolsVersion = 13.2.1;
						TestTargetID = 7B62FA8527DC57F8003DA370;
					};
				};
			};
			buildConfigurationList = 7B62FA8127DC57F8003DA370 /* Build configuration list for PBXProject "BoredApiApp" */;
			compatibilityVersion = "Xcode 13.0";
			developmentRegion = en;
			hasScannedForEncodings = 0;
			knownRegions = (
				en,
				Base,
			);
			mainGroup = 7B62FA7D27DC57F8003DA370;
			productRefGroup = 7B62FA8727DC57F8003DA370 /* Products */;
			projectDirPath = "";
			projectRoot = "";
			targets = (
				7B62FA8527DC57F8003DA370 /* BoredApiApp */,
				7B62FA9B27DC57FA003DA370 /* BoredApiAppTests */,
				7B62FAA527DC57FA003DA370 /* BoredApiAppUITests */,
			);
		};
/* End PBXProject section */

/* Begin PBXResourcesBuildPhase section */
		7B62FA8427DC57F8003DA370 /* Resources */ = {
			isa = PBXResourcesBuildPhase;
			buildActionMask = 2147483647;
			files = (
				7B62FA9627DC57F9003DA370 /* LaunchScreen.storyboard in Resources */,
				7B62FA9327DC57F9003DA370 /* Assets.xcassets in Resources */,
				7B62FA9127DC57F8003DA370 /* Main.storyboard in Resources */,
			);
			runOnlyForDeploymentPostprocessing = 0;
		};
		7B62FA9A27DC57FA003DA370 /* Resources */ = {
			isa = PBXResourcesBuildPhase;
			buildActionMask = 2147483647;
			files = (
			);
			runOnlyForDeploymentPostprocessing = 0;
		};
		7B62FAA427DC57FA003DA370 /* Resources */ = {
			isa = PBXResourcesBuildPhase;
			buildActionMask = 2147483647;
			files = (
			);
			runOnlyForDeploymentPostprocessing = 0;
		};
/* End PBXResourcesBuildPhase section */

/* Begin PBXSourcesBuildPhase section */
		7B62FA8227DC57F8003DA370 /* Sources */ = {
			isa = PBXSourcesBuildPhase;
			buildActionMask = 2147483647;
			files = (
				7B24ECCA27DC9A2F00E91361 /* Constant.swift in Sources */,
				7B24ECC527DC99F200E91361 /* ErrorResponse.swift in Sources */,
				7B62FA8E27DC57F8003DA370 /* HomeViewController.swift in Sources */,
				7B24ECC727DC9A0C00E91361 /* ApiService.swift in Sources */,
				7B24ECC327DC99DB00E91361 /* NetworkError.swift in Sources */,
				7B62FA8A27DC57F8003DA370 /* AppDelegate.swift in Sources */,
				7B24ECCC27DCA04B00E91361 /* Activity.swift in Sources */,
				7B62FA8C27DC57F8003DA370 /* SceneDelegate.swift in Sources */,
			);
			runOnlyForDeploymentPostprocessing = 0;
		};
		7B62FA9827DC57FA003DA370 /* Sources */ = {
			isa = PBXSourcesBuildPhase;
			buildActionMask = 2147483647;
			files = (
				7B62FAA127DC57FA003DA370 /* BoredApiAppTests.swift in Sources */,
			);
			runOnlyForDeploymentPostprocessing = 0;
		};
		7B62FAA227DC57FA003DA370 /* Sources */ = {
			isa = PBXSourcesBuildPhase;
			buildActionMask = 2147483647;
			files = (
				7B62FAAD27DC57FA003DA370 /* BoredApiAppUITestsLaunchTests.swift in Sources */,
				7B62FAAB27DC57FA003DA370 /* BoredApiAppUITests.swift in Sources */,
			);
			runOnlyForDeploymentPostprocessing = 0;
		};
/* End PBXSourcesBuildPhase section */

/* Begin PBXTargetDependency section */
		7B62FA9E27DC57FA003DA370 /* PBXTargetDependency */ = {
			isa = PBXTargetDependency;
			target = 7B62FA8527DC57F8003DA370 /* BoredApiApp */;
			targetProxy = 7B62FA9D27DC57FA003DA370 /* PBXContainerItemProxy */;
		};
		7B62FAA827DC57FA003DA370 /* PBXTargetDependency */ = {
			isa = PBXTargetDependency;
			target = 7B62FA8527DC57F8003DA370 /* BoredApiApp */;
			targetProxy = 7B62FAA727DC57FA003DA370 /* PBXContainerItemProxy */;
		};
/* End PBXTargetDependency section */

/* Begin PBXVariantGroup section */
		7B62FA8F27DC57F8003DA370 /* Main.storyboard */ = {
			isa = PBXVariantGroup;
			children = (
				7B62FA9027DC57F8003DA370 /* Base */,
			);
			name = Main.storyboard;
			sourceTree = "<group>";
		};
		7B62FA9427DC57F9003DA370 /* LaunchScreen.storyboard */ = {
			isa = PBXVariantGroup;
			children = (
				7B62FA9527DC57F9003DA370 /* Base */,
			);
			name = LaunchScreen.storyboard;
			sourceTree = "<group>";
		};
/* End PBXVariantGroup section */

/* Begin XCBuildConfiguration section */
		7B62FAAE27DC57FA003DA370 /* Debug */ = {
			isa = XCBuildConfiguration;
			buildSettings = {
				ALWAYS_SEARCH_USER_PATHS = NO;
				CLANG_ANALYZER_NONNULL = YES;
				CLANG_ANALYZER_NUMBER_OBJECT_CONVERSION = YES_AGGRESSIVE;
				CLANG_CXX_LANGUAGE_STANDARD = "gnu++17";
				CLANG_CXX_LIBRARY = "libc++";
				CLANG_ENABLE_MODULES = YES;
				CLANG_ENABLE_OBJC_ARC = YES;
				CLANG_ENABLE_OBJC_WEAK = YES;
				CLANG_WARN_BLOCK_CAPTURE_AUTORELEASING = YES;
				CLANG_WARN_BOOL_CONVERSION = YES;
				CLANG_WARN_COMMA = YES;
				CLANG_WARN_CONSTANT_CONVERSION = YES;
				CLANG_WARN_DEPRECATED_OBJC_IMPLEMENTATIONS = YES;
				CLANG_WARN_DIRECT_OBJC_ISA_USAGE = YES_ERROR;
				CLANG_WARN_DOCUMENTATION_COMMENTS = YES;
				CLANG_WARN_EMPTY_BODY = YES;
				CLANG_WARN_ENUM_CONVERSION = YES;
				CLANG_WARN_INFINITE_RECURSION = YES;
				CLANG_WARN_INT_CONVERSION = YES;
				CLANG_WARN_NON_LITERAL_NULL_CONVERSION = YES;
				CLANG_WARN_OBJC_IMPLICIT_RETAIN_SELF = YES;
				CLANG_WARN_OBJC_LITERAL_CONVERSION = YES;
				CLANG_WARN_OBJC_ROOT_CLASS = YES_ERROR;
				CLANG_WARN_QUOTED_INCLUDE_IN_FRAMEWORK_HEADER = YES;
				CLANG_WARN_RANGE_LOOP_ANALYSIS = YES;
				CLANG_WARN_STRICT_PROTOTYPES = YES;
				CLANG_WARN_SUSPICIOUS_MOVE = YES;
				CLANG_WARN_UNGUARDED_AVAILABILITY = YES_AGGRESSIVE;
				CLANG_WARN_UNREACHABLE_CODE = YES;
				CLANG_WARN__DUPLICATE_METHOD_MATCH = YES;
				COPY_PHASE_STRIP = NO;
				DEBUG_INFORMATION_FORMAT = dwarf;
				ENABLE_STRICT_OBJC_MSGSEND = YES;
				ENABLE_TESTABILITY = YES;
				GCC_C_LANGUAGE_STANDARD = gnu11;
				GCC_DYNAMIC_NO_PIC = NO;
				GCC_NO_COMMON_BLOCKS = YES;
				GCC_OPTIMIZATION_LEVEL = 0;
				GCC_PREPROCESSOR_DEFINITIONS = (
					"DEBUG=1",
					"$(inherited)",
				);
				GCC_WARN_64_TO_32_BIT_CONVERSION = YES;
				GCC_WARN_ABOUT_RETURN_TYPE = YES_ERROR;
				GCC_WARN_UNDECLARED_SELECTOR = YES;
				GCC_WARN_UNINITIALIZED_AUTOS = YES_AGGRESSIVE;
				GCC_WARN_UNUSED_FUNCTION = YES;
				GCC_WARN_UNUSED_VARIABLE = YES;
				IPHONEOS_DEPLOYMENT_TARGET = 15.2;
				MTL_ENABLE_DEBUG_INFO = INCLUDE_SOURCE;
				MTL_FAST_MATH = YES;
				ONLY_ACTIVE_ARCH = YES;
				SDKROOT = iphoneos;
				SWIFT_ACTIVE_COMPILATION_CONDITIONS = DEBUG;
				SWIFT_OPTIMIZATION_LEVEL = "-Onone";
			};
			name = Debug;
		};
		7B62FAAF27DC57FA003DA370 /* Release */ = {
			isa = XCBuildConfiguration;
			buildSettings = {
				ALWAYS_SEARCH_USER_PATHS = NO;
				CLANG_ANALYZER_NONNULL = YES;
				CLANG_ANALYZER_NUMBER_OBJECT_CONVERSION = YES_AGGRESSIVE;
				CLANG_CXX_LANGUAGE_STANDARD = "gnu++17";
				CLANG_CXX_LIBRARY = "libc++";
				CLANG_ENABLE_MODULES = YES;
				CLANG_ENABLE_OBJC_ARC = YES;
				CLANG_ENABLE_OBJC_WEAK = YES;
				CLANG_WARN_BLOCK_CAPTURE_AUTORELEASING = YES;
				CLANG_WARN_BOOL_CONVERSION = YES;
				CLANG_WARN_COMMA = YES;
				CLANG_WARN_CONSTANT_CONVERSION = YES;
				CLANG_WARN_DEPRECATED_OBJC_IMPLEMENTATIONS = YES;
				CLANG_WARN_DIRECT_OBJC_ISA_USAGE = YES_ERROR;
				CLANG_WARN_DOCUMENTATION_COMMENTS = YES;
				CLANG_WARN_EMPTY_BODY = YES;
				CLANG_WARN_ENUM_CONVERSION = YES;
				CLANG_WARN_INFINITE_RECURSION = YES;
				CLANG_WARN_INT_CONVERSION = YES;
				CLANG_WARN_NON_LITERAL_NULL_CONVERSION = YES;
				CLANG_WARN_OBJC_IMPLICIT_RETAIN_SELF = YES;
				CLANG_WARN_OBJC_LITERAL_CONVERSION = YES;
				CLANG_WARN_OBJC_ROOT_CLASS = YES_ERROR;
				CLANG_WARN_QUOTED_INCLUDE_IN_FRAMEWORK_HEADER = YES;
				CLANG_WARN_RANGE_LOOP_ANALYSIS = YES;
				CLANG_WARN_STRICT_PROTOTYPES = YES;
				CLANG_WARN_SUSPICIOUS_MOVE = YES;
				CLANG_WARN_UNGUARDED_AVAILABILITY = YES_AGGRESSIVE;
				CLANG_WARN_UNREACHABLE_CODE = YES;
				CLANG_WARN__DUPLICATE_METHOD_MATCH = YES;
				COPY_PHASE_STRIP = NO;
				DEBUG_INFORMATION_FORMAT = "dwarf-with-dsym";
				ENABLE_NS_ASSERTIONS = NO;
				ENABLE_STRICT_OBJC_MSGSEND = YES;
				GCC_C_LANGUAGE_STANDARD = gnu11;
				GCC_NO_COMMON_BLOCKS = YES;
				GCC_WARN_64_TO_32_BIT_CONVERSION = YES;
				GCC_WARN_ABOUT_RETURN_TYPE = YES_ERROR;
				GCC_WARN_UNDECLARED_SELECTOR = YES;
				GCC_WARN_UNINITIALIZED_AUTOS = YES_AGGRESSIVE;
				GCC_WARN_UNUSED_FUNCTION = YES;
				GCC_WARN_UNUSED_VARIABLE = YES;
				IPHONEOS_DEPLOYMENT_TARGET = 15.2;
				MTL_ENABLE_DEBUG_INFO = NO;
				MTL_FAST_MATH = YES;
				SDKROOT = iphoneos;
				SWIFT_COMPILATION_MODE = wholemodule;
				SWIFT_OPTIMIZATION_LEVEL = "-O";
				VALIDATE_PRODUCT = YES;
			};
			name = Release;
		};
		7B62FAB127DC57FA003DA370 /* Debug */ = {
			isa = XCBuildConfiguration;
			buildSettings = {
				ASSETCATALOG_COMPILER_APPICON_NAME = AppIcon;
				ASSETCATALOG_COMPILER_GLOBAL_ACCENT_COLOR_NAME = AccentColor;
				CODE_SIGN_STYLE = Automatic;
				CURRENT_PROJECT_VERSION = 1;
				GENERATE_INFOPLIST_FILE = YES;
				INFOPLIST_FILE = BoredApiApp/Info.plist;
				INFOPLIST_KEY_UIApplicationSupportsIndirectInputEvents = YES;
				INFOPLIST_KEY_UILaunchStoryboardName = LaunchScreen;
				INFOPLIST_KEY_UIMainStoryboardFile = Main;
				INFOPLIST_KEY_UISupportedInterfaceOrientations_iPad = "UIInterfaceOrientationPortrait UIInterfaceOrientationPortraitUpsideDown UIInterfaceOrientationLandscapeLeft UIInterfaceOrientationLandscapeRight";
				INFOPLIST_KEY_UISupportedInterfaceOrientations_iPhone = "UIInterfaceOrientationPortrait UIInterfaceOrientationLandscapeLeft UIInterfaceOrientationLandscapeRight";
				LD_RUNPATH_SEARCH_PATHS = (
					"$(inherited)",
					"@executable_path/Frameworks",
				);
				MARKETING_VERSION = 1.0;
				PRODUCT_BUNDLE_IDENTIFIER = com.locnguyen.boredApi.BoredApiApp;
				PRODUCT_NAME = "$(TARGET_NAME)";
				SWIFT_EMIT_LOC_STRINGS = YES;
				SWIFT_VERSION = 5.0;
				TARGETED_DEVICE_FAMILY = "1,2";
			};
			name = Debug;
		};
		7B62FAB227DC57FA003DA370 /* Release */ = {
			isa = XCBuildConfiguration;
			buildSettings = {
				ASSETCATALOG_COMPILER_APPICON_NAME = AppIcon;
				ASSETCATALOG_COMPILER_GLOBAL_ACCENT_COLOR_NAME = AccentColor;
				CODE_SIGN_STYLE = Automatic;
				CURRENT_PROJECT_VERSION = 1;
				GENERATE_INFOPLIST_FILE = YES;
				INFOPLIST_FILE = BoredApiApp/Info.plist;
				INFOPLIST_KEY_UIApplicationSupportsIndirectInputEvents = YES;
				INFOPLIST_KEY_UILaunchStoryboardName = LaunchScreen;
				INFOPLIST_KEY_UIMainStoryboardFile = Main;
				INFOPLIST_KEY_UISupportedInterfaceOrientations_iPad = "UIInterfaceOrientationPortrait UIInterfaceOrientationPortraitUpsideDown UIInterfaceOrientationLandscapeLeft UIInterfaceOrientationLandscapeRight";
				INFOPLIST_KEY_UISupportedInterfaceOrientations_iPhone = "UIInterfaceOrientationPortrait UIInterfaceOrientationLandscapeLeft UIInterfaceOrientationLandscapeRight";
				LD_RUNPATH_SEARCH_PATHS = (
					"$(inherited)",
					"@executable_path/Frameworks",
				);
				MARKETING_VERSION = 1.0;
				PRODUCT_BUNDLE_IDENTIFIER = com.locnguyen.boredApi.BoredApiApp;
				PRODUCT_NAME = "$(TARGET_NAME)";
				SWIFT_EMIT_LOC_STRINGS = YES;
				SWIFT_VERSION = 5.0;
				TARGETED_DEVICE_FAMILY = "1,2";
			};
			name = Release;
		};
		7B62FAB427DC57FA003DA370 /* Debug */ = {
			isa = XCBuildConfiguration;
			buildSettings = {
				ALWAYS_EMBED_SWIFT_STANDARD_LIBRARIES = YES;
				BUNDLE_LOADER = "$(TEST_HOST)";
				CODE_SIGN_STYLE = Automatic;
				CURRENT_PROJECT_VERSION = 1;
				GENERATE_INFOPLIST_FILE = YES;
				IPHONEOS_DEPLOYMENT_TARGET = 15.2;
				MARKETING_VERSION = 1.0;
				PRODUCT_BUNDLE_IDENTIFIER = com.locnguyen.boredApi.BoredApiAppTests;
				PRODUCT_NAME = "$(TARGET_NAME)";
				SWIFT_EMIT_LOC_STRINGS = NO;
				SWIFT_VERSION = 5.0;
				TARGETED_DEVICE_FAMILY = "1,2";
				TEST_HOST = "$(BUILT_PRODUCTS_DIR)/BoredApiApp.app/BoredApiApp";
			};
			name = Debug;
		};
		7B62FAB527DC57FA003DA370 /* Release */ = {
			isa = XCBuildConfiguration;
			buildSettings = {
				ALWAYS_EMBED_SWIFT_STANDARD_LIBRARIES = YES;
				BUNDLE_LOADER = "$(TEST_HOST)";
				CODE_SIGN_STYLE = Automatic;
				CURRENT_PROJECT_VERSION = 1;
				GENERATE_INFOPLIST_FILE = YES;
				IPHONEOS_DEPLOYMENT_TARGET = 15.2;
				MARKETING_VERSION = 1.0;
				PRODUCT_BUNDLE_IDENTIFIER = com.locnguyen.boredApi.BoredApiAppTests;
				PRODUCT_NAME = "$(TARGET_NAME)";
				SWIFT_EMIT_LOC_STRINGS = NO;
				SWIFT_VERSION = 5.0;
				TARGETED_DEVICE_FAMILY = "1,2";
				TEST_HOST = "$(BUILT_PRODUCTS_DIR)/BoredApiApp.app/BoredApiApp";
			};
			name = Release;
		};
		7B62FAB727DC57FA003DA370 /* Debug */ = {
			isa = XCBuildConfiguration;
			buildSettings = {
				ALWAYS_EMBED_SWIFT_STANDARD_LIBRARIES = YES;
				CODE_SIGN_STYLE = Automatic;
				CURRENT_PROJECT_VERSION = 1;
				GENERATE_INFOPLIST_FILE = YES;
				MARKETING_VERSION = 1.0;
				PRODUCT_BUNDLE_IDENTIFIER = com.locnguyen.boredApi.BoredApiAppUITests;
				PRODUCT_NAME = "$(TARGET_NAME)";
				SWIFT_EMIT_LOC_STRINGS = NO;
				SWIFT_VERSION = 5.0;
				TARGETED_DEVICE_FAMILY = "1,2";
				TEST_TARGET_NAME = BoredApiApp;
			};
			name = Debug;
		};
		7B62FAB827DC57FA003DA370 /* Release */ = {
			isa = XCBuildConfiguration;
			buildSettings = {
				ALWAYS_EMBED_SWIFT_STANDARD_LIBRARIES = YES;
				CODE_SIGN_STYLE = Automatic;
				CURRENT_PROJECT_VERSION = 1;
				GENERATE_INFOPLIST_FILE = YES;
				MARKETING_VERSION = 1.0;
				PRODUCT_BUNDLE_IDENTIFIER = com.locnguyen.boredApi.BoredApiAppUITests;
				PRODUCT_NAME = "$(TARGET_NAME)";
				SWIFT_EMIT_LOC_STRINGS = NO;
				SWIFT_VERSION = 5.0;
				TARGETED_DEVICE_FAMILY = "1,2";
				TEST_TARGET_NAME = BoredApiApp;
			};
			name = Release;
		};
/* End XCBuildConfiguration section */

/* Begin XCConfigurationList section */
		7B62FA8127DC57F8003DA370 /* Build configuration list for PBXProject "BoredApiApp" */ = {
			isa = XCConfigurationList;
			buildConfigurations = (
				7B62FAAE27DC57FA003DA370 /* Debug */,
				7B62FAAF27DC57FA003DA370 /* Release */,
			);
			defaultConfigurationIsVisible = 0;
			defaultConfigurationName = Release;
		};
		7B62FAB027DC57FA003DA370 /* Build configuration list for PBXNativeTarget "BoredApiApp" */ = {
			isa = XCConfigurationList;
			buildConfigurations = (
				7B62FAB127DC57FA003DA370 /* Debug */,
				7B62FAB227DC57FA003DA370 /* Release */,
			);
			defaultConfigurationIsVisible = 0;
			defaultConfigurationName = Release;
		};
		7B62FAB327DC57FA003DA370 /* Build configuration list for PBXNativeTarget "BoredApiAppTests" */ = {
			isa = XCConfigurationList;
			buildConfigurations = (
				7B62FAB427DC57FA003DA370 /* Debug */,
				7B62FAB527DC57FA003DA370 /* Release */,
			);
			defaultConfigurationIsVisible = 0;
			defaultConfigurationName = Release;
		};
		7B62FAB627DC57FA003DA370 /* Build configuration list for PBXNativeTarget "BoredApiAppUITests" */ = {
			isa = XCConfigurationList;
			buildConfigurations = (
				7B62FAB727DC57FA003DA370 /* Debug */,
				7B62FAB827DC57FA003DA370 /* Release */,
			);
			defaultConfigurationIsVisible = 0;
			defaultConfigurationName = Release;
		};
/* End XCConfigurationList section */
	};
	rootObject = 7B62FA7E27DC57F8003DA370 /* Project object */;
}
